PODS:
  - CalendarKit (0.5.1):
    - DateToolsSwift
    - Neon
  - DateToolsSwift (4.0.0)
  - DynamicBlurView (3.0.1)
  - Neon (0.4.0)
  - PopupDialog (0.9.2):
    - DynamicBlurView (~> 3.0.1)
  - SwiftCharts (0.6.3)
  - Toast-Swift (4.0.1)

DEPENDENCIES:
  - CalendarKit (~> 0.5.1)
  - PopupDialog (~> 0.9)
  - SwiftCharts (~> 0.6.3)
  - Toast-Swift (~> 4.0)

SPEC REPOS:
  https://github.com/cocoapods/specs.git:
    - CalendarKit
    - DateToolsSwift
    - DynamicBlurView
    - Neon
    - PopupDialog
    - SwiftCharts
    - Toast-Swift

SPEC CHECKSUMS:
  CalendarKit: c9d69204e97226a2da3e6b99dfbe35a57f205c1e
  DateToolsSwift: 875d97ff9e3a5d54abdd67a269b3f51c757b71ab
  DynamicBlurView: b1df5415f9bd31897549e5d7077e5ec120a4d636
  Neon: 7fb5a9327e7e57911843f608e08f4893a74deaf9
  PopupDialog: f4bb461bf70ff422be0b56656566424ee9273080
  SwiftCharts: 1535b5e228702af2c9c4d60c2a408f2f0f579fa8
  Toast-Swift: e42a638589a2f95036b4bb7626cfbdde7daf0393

PODFILE CHECKSUM: 76cc956c9cf80552e90758a94963595c20b6ec51

COCOAPODS: 1.5.2
